{
  "name": "obj-array-table",
  "version": "1.0.18",
  "lockfileVersion": 1,
  "requires": true,
  "dependencies": {
    "dateformat-nodep": {
      "version": "1.0.0",
      "resolved": "https://registry.npmjs.org/dateformat-nodep/-/dateformat-nodep-1.0.0.tgz",
      "integrity": "sha1-gdWXuDY6hgDJNqwqn82sioHM8pU="
    },
    "lodash.concat": {
      "version": "4.5.0",
      "resolved": "https://registry.npmjs.org/lodash.concat/-/lodash.concat-4.5.0.tgz",
      "integrity": "sha1-sFOuAuSoAIWC5yVrnQK9ptA4A5U="
    },
    "lodash.fill": {
      "version": "3.4.0",
      "resolved": "https://registry.npmjs.org/lodash.fill/-/lodash.fill-3.4.0.tgz",
      "integrity": "sha1-o8dK5kDQU63w3CB5+HIHiOi/74U="
    },
    "lodash.foreach": {
      "version": "4.5.0",
      "resolved": "https://registry.npmjs.org/lodash.foreach/-/lodash.foreach-4.5.0.tgz",
      "integrity": "sha1-Gmo16s5AEoDH8G3d7DUWWrJ+PlM="
    },
    "lodash.isarray": {
      "version": "4.0.0",
      "resolved": "https://registry.npmjs.org/lodash.isarray/-/lodash.isarray-4.0.0.tgz",
      "integrity": "sha1-KspJayjEym1yZxUxNZDALm6jRAM="
    },
    "lodash.isboolean": {
      "version": "3.0.3",
      "resolved": "https://registry.npmjs.org/lodash.isboolean/-/lodash.isboolean-3.0.3.tgz",
      "integrity": "sha1-bC4XHbKiV82WgC/UOwGyDV9YcPY="
    },
    "lodash.isnumber": {
      "version": "3.0.3",
      "resolved": "https://registry.npmjs.org/lodash.isnumber/-/lodash.isnumber-3.0.3.tgz",
      "integrity": "sha1-POdoEMWSjQM1IwGsKHMX8RwLH/w="
    },
    "lodash.keys": {
      "version": "4.2.0",
      "resolved": "https://registry.npmjs.org/lodash.keys/-/lodash.keys-4.2.0.tgz",
      "integrity": "sha1-oIYCrBLk+4P5H8H7ejYKTZujUgU="
    },
    "lodash.map": {
      "version": "4.6.0",
      "resolved": "https://registry.npmjs.org/lodash.map/-/lodash.map-4.6.0.tgz",
      "integrity": "sha1-dx7Hg540c9nEzeKLGTlMNWL09tM="
    },
    "lodash.split": {
      "version": "4.4.2",
      "resolved": "https://registry.npmjs.org/lodash.split/-/lodash.split-4.4.2.tgz",
      "integrity": "sha1-p/e9nzeWi5MSQo4vOsP7MXPEw8Y="
    },
    "lodash.startswith": {
      "version": "4.2.1",
      "resolved": "https://registry.npmjs.org/lodash.startswith/-/lodash.startswith-4.2.1.tgz",
      "integrity": "sha1-xZjErc4YiiflMUVzHNxsDnF3YAw="
    },
    "lodash.trim": {
      "version": "4.5.1",
      "resolved": "https://registry.npmjs.org/lodash.trim/-/lodash.trim-4.5.1.tgz",
      "integrity": "sha1-NkJefukL5KpeJ7zruFt9EepHqlc="
    },
    "lodash.trimend": {
      "version": "4.5.1",
      "resolved": "https://registry.npmjs.org/lodash.trimend/-/lodash.trimend-4.5.1.tgz",
      "integrity": "sha1-EoBENyhrmMrYmWt5QU4RMAEUCC8="
    },
    "numeral": {
      "version": "2.0.6",
      "resolved": "https://registry.npmjs.org/numeral/-/numeral-2.0.6.tgz",
      "integrity": "sha1-StCAk21EPCVhrtnyGX7//iX05QY="
    }
  }
}
